
Microsoft Visual Studio Solution File, Format Version 12.00
# Visual Studio Version 17
VisualStudioVersion = 17.2.32602.215
MinimumVisualStudioVersion = 10.0.40219.1
Project("{FAE04EC0-301F-11D3-BF4B-00C04F79EFBC}") = "AppCenterBuildApp", "AppCenterBuildApp\AppCenterBuildApp.csproj", "{CD8A0FCA-2D06-401D-8647-8B05B9B51AAD}"
EndProject
Global
	GlobalSection(SolutionConfigurationPlatforms) = preSolution
		Debug|Any CPU = Debug|Any CPU
		Release|Any CPU = Release|Any CPU
	EndGlobalSection
	GlobalSection(ProjectConfigurationPlatforms) = postSolution
		{CD8A0FCA-2D06-401D-8647-8B05B9B51AAD}.Debug|Any CPU.ActiveCfg = Debug|Any CPU
		{CD8A0FCA-2D06-401D-8647-8B05B9B51AAD}.Debug|Any CPU.Build.0 = Debug|Any CPU
		{CD8A0FCA-2D06-401D-8647-8B05B9B51AAD}.Release|Any CPU.ActiveCfg = Release|Any CPU
		{CD8A0FCA-2D06-401D-8647-8B05B9B51AAD}.Release|Any CPU.Build.0 = Release|Any CPU
	EndGlobalSection
	GlobalSection(SolutionProperties) = preSolution
		HideSolutionNode = FALSE
	EndGlobalSection
	GlobalSection(ExtensibilityGlobals) = postSolution
		SolutionGuid = {80238228-E957-49F4-BA0B-357BC796A9DC}
	EndGlobalSection
EndGlobal
